
Microsoft Visual Studio Solution File, Format Version 12.00
# Visual Studio 15
VisualStudioVersion = 15.0.27428.2015
MinimumVisualStudioVersion = 10.0.40219.1
Project("{00D1A9C2-B5F0-4AF3-8072-F6C62B433612}") = "MB_OLD_DBProject", "MB_OLD\MB_OLD_DBProject.sqlproj", "{F8E47E47-8D2F-42E0-BB9A-AB29A95C4711}"
EndProject
Global
	GlobalSection(SolutionConfigurationPlatforms) = preSolution
		Debug|Any CPU = Debug|Any CPU
		Release|Any CPU = Release|Any CPU
	EndGlobalSection
	GlobalSection(ProjectConfigurationPlatforms) = postSolution
		{F8E47E47-8D2F-42E0-BB9A-AB29A95C4711}.Debug|Any CPU.ActiveCfg = Debug|Any CPU
		{F8E47E47-8D2F-42E0-BB9A-AB29A95C4711}.Debug|Any CPU.Build.0 = Debug|Any CPU
		{F8E47E47-8D2F-42E0-BB9A-AB29A95C4711}.Debug|Any CPU.Deploy.0 = Debug|Any CPU
		{F8E47E47-8D2F-42E0-BB9A-AB29A95C4711}.Release|Any CPU.ActiveCfg = Release|Any CPU
		{F8E47E47-8D2F-42E0-BB9A-AB29A95C4711}.Release|Any CPU.Build.0 = Release|Any CPU
		{F8E47E47-8D2F-42E0-BB9A-AB29A95C4711}.Release|Any CPU.Deploy.0 = Release|Any CPU
	EndGlobalSection
	GlobalSection(SolutionProperties) = preSolution
		HideSolutionNode = FALSE
	EndGlobalSection
	GlobalSection(ExtensibilityGlobals) = postSolution
		SolutionGuid = {BF5B6BD8-67F9-4AD1-B86F-3BF429D7C5D5}
	EndGlobalSection
EndGlobal
